// !$*UTF8*$!
// 本文件是手写的：交付这一端时手上没有 macOS/Xcode，无法用它自动生成。
// 结构与同目录的 project.yml（规范来源）一一对应；两者不一致时以 project.yml 为准，
// 并在 Mac 上执行 `xcodegen generate` 重新生成。
{
	archiveVersion = 1;
	classes = {
	};
	objectVersion = 77;
	objects = {

/* Begin PBXBuildFile section */
		CE00000000000000000000C1 /* shared/js in Resources */ = {isa = PBXBuildFile; fileRef = CE00000000000000000000B1 /* shared/js */; };
/* End PBXBuildFile section */

/* Begin PBXContainerItemProxy section */
		CE000000000000000000001D /* PBXContainerItemProxy */ = {
			isa = PBXContainerItemProxy;
			containerPortal = CE0000000000000000000003 /* Project object */;
			proxyType = 1;
			remoteGlobalIDString = CE0000000000000000000001;
			remoteInfo = CampusEntry;
		};
/* End PBXContainerItemProxy section */

/* Begin PBXFileReference section */
		CE0000000000000000000007 /* CampusEntry.app */ = {isa = PBXFileReference; explicitFileType = wrapper.application; includeInIndex = 0; path = CampusEntry.app; sourceTree = BUILT_PRODUCTS_DIR; };
		CE0000000000000000000008 /* CampusEntryTests.xctest */ = {isa = PBXFileReference; explicitFileType = wrapper.cfbundle; includeInIndex = 0; path = CampusEntryTests.xctest; sourceTree = BUILT_PRODUCTS_DIR; };
		CE00000000000000000000B1 /* shared/js */ = {isa = PBXFileReference; lastKnownFileType = folder; name = js; path = "../../shared/js"; sourceTree = "<group>"; };
/* End PBXFileReference section */

/* Begin PBXFileSystemSynchronizedRootGroup section */
		CE0000000000000000000009 /* CampusEntry */ = {isa = PBXFileSystemSynchronizedRootGroup; path = CampusEntry; sourceTree = "<group>"; };
		CE000000000000000000000A /* CampusEntryTests */ = {isa = PBXFileSystemSynchronizedRootGroup; path = CampusEntryTests; sourceTree = "<group>"; };
/* End PBXFileSystemSynchronizedRootGroup section */

/* Begin PBXFrameworksBuildPhase section */
		CE000000000000000000000E /* Frameworks */ = {
			isa = PBXFrameworksBuildPhase;
			buildActionMask = 2147483647;
			files = (
			);
			runOnlyForDeploymentPostprocessing = 0;
		};
		CE0000000000000000000011 /* Frameworks */ = {
			isa = PBXFrameworksBuildPhase;
			buildActionMask = 2147483647;
			files = (
			);
			runOnlyForDeploymentPostprocessing = 0;
		};
/* End PBXFrameworksBuildPhase section */

/* Begin PBXGroup section */
		CE0000000000000000000004 = {
			isa = PBXGroup;
			children = (
				CE0000000000000000000009 /* CampusEntry */,
				CE000000000000000000000A /* CampusEntryTests */,
				CE0000000000000000000006 /* 共享页面脚本 */,
				CE0000000000000000000005 /* Products */,
			);
			sourceTree = "<group>";
		};
		CE0000000000000000000005 /* Products */ = {
			isa = PBXGroup;
			children = (
				CE0000000000000000000007 /* CampusEntry.app */,
				CE0000000000000000000008 /* CampusEntryTests.xctest */,
			);
			name = Products;
			sourceTree = "<group>";
		};
		CE0000000000000000000006 /* 共享页面脚本 */ = {
			isa = PBXGroup;
			children = (
				CE00000000000000000000B1 /* shared/js */,
			);
			name = "共享页面脚本";
			sourceTree = "<group>";
		};
/* End PBXGroup section */

/* Begin PBXNativeTarget section */
		CE0000000000000000000001 /* CampusEntry */ = {
			isa = PBXNativeTarget;
			buildConfigurationList = CE0000000000000000000014 /* Build configuration list for PBXNativeTarget "CampusEntry" */;
			buildPhases = (
				CE000000000000000000000D /* Sources */,
				CE000000000000000000000E /* Frameworks */,
				CE000000000000000000000F /* Resources */,
			);
			buildRules = (
			);
			dependencies = (
			);
			fileSystemSynchronizedGroups = (
				CE0000000000000000000009 /* CampusEntry */,
			);
			name = CampusEntry;
			packageProductDependencies = (
			);
			productName = CampusEntry;
			productReference = CE0000000000000000000007 /* CampusEntry.app */;
			productType = "com.apple.product-type.application";
		};
		CE0000000000000000000002 /* CampusEntryTests */ = {
			isa = PBXNativeTarget;
			buildConfigurationList = CE0000000000000000000015 /* Build configuration list for PBXNativeTarget "CampusEntryTests" */;
			buildPhases = (
				CE0000000000000000000010 /* Sources */,
				CE0000000000000000000011 /* Frameworks */,
				CE0000000000000000000012 /* Resources */,
			);
			buildRules = (
			);
			dependencies = (
				CE000000000000000000001C /* PBXTargetDependency */,
			);
			fileSystemSynchronizedGroups = (
				CE000000000000000000000A /* CampusEntryTests */,
			);
			name = CampusEntryTests;
			packageProductDependencies = (
			);
			productName = CampusEntryTests;
			productReference = CE0000000000000000000008 /* CampusEntryTests.xctest */;
			productType = "com.apple.product-type.bundle.unit-test";
		};
/* End PBXNativeTarget section */

/* Begin PBXProject section */
		CE0000000000000000000003 /* Project object */ = {
			isa = PBXProject;
			attributes = {
				BuildIndependentTargetsInParallel = 1;
				LastSwiftUpdateCheck = 1600;
				LastUpgradeCheck = 1600;
				TargetAttributes = {
					CE0000000000000000000001 = {
						CreatedOnToolsVersion = 16.0;
					};
					CE0000000000000000000002 = {
						TestTargetID = CE0000000000000000000001;
					};
				};
			};
			buildConfigurationList = CE0000000000000000000013 /* Build configuration list for PBXProject "CampusEntry" */;
			developmentRegion = "zh-Hans";
			hasScannedForEncodings = 0;
			knownRegions = (
				"zh-Hans",
				en,
				Base,
			);
			mainGroup = CE0000000000000000000004;
			minimizedProjectReferenceProxies = 1;
			preferredProjectObjectVersion = 77;
			productRefGroup = CE0000000000000000000005 /* Products */;
			projectDirPath = "";
			projectRoot = "";
			targets = (
				CE0000000000000000000001 /* CampusEntry */,
				CE0000000000000000000002 /* CampusEntryTests */,
			);
		};
/* End PBXProject section */

/* Begin PBXResourcesBuildPhase section */
		CE000000000000000000000F /* Resources */ = {
			isa = PBXResourcesBuildPhase;
			buildActionMask = 2147483647;
			files = (
				CE00000000000000000000C1 /* shared/js in Resources */,
			);
			runOnlyForDeploymentPostprocessing = 0;
		};
		CE0000000000000000000012 /* Resources */ = {
			isa = PBXResourcesBuildPhase;
			buildActionMask = 2147483647;
			files = (
			);
			runOnlyForDeploymentPostprocessing = 0;
		};
/* End PBXResourcesBuildPhase section */

/* Begin PBXSourcesBuildPhase section */
		CE000000000000000000000D /* Sources */ = {
			isa = PBXSourcesBuildPhase;
			buildActionMask = 2147483647;
			files = (
			);
			runOnlyForDeploymentPostprocessing = 0;
		};
		CE0000000000000000000010 /* Sources */ = {
			isa = PBXSourcesBuildPhase;
			buildActionMask = 2147483647;
			files = (
			);
			runOnlyForDeploymentPostprocessing = 0;
		};
/* End PBXSourcesBuildPhase section */

/* Begin PBXTargetDependency section */
		CE000000000000000000001C /* PBXTargetDependency */ = {
			isa = PBXTargetDependency;
			target = CE0000000000000000000001 /* CampusEntry */;
			targetProxy = CE000000000000000000001D /* PBXContainerItemProxy */;
		};
/* End PBXTargetDependency section */

/* Begin XCBuildConfiguration section */
		CE0000000000000000000016 /* Debug */ = {
			isa = XCBuildConfiguration;
			buildSettings = {
				ALWAYS_SEARCH_USER_PATHS = NO;
				CLANG_ENABLE_MODULES = YES;
				CLANG_ENABLE_OBJC_ARC = YES;
				COPY_PHASE_STRIP = NO;
				DEBUG_INFORMATION_FORMAT = dwarf;
				ENABLE_STRICT_OBJC_MSGSEND = YES;
				ENABLE_TESTABILITY = YES;
				ENABLE_USER_SCRIPT_SANDBOXING = YES;
				GCC_C_LANGUAGE_STANDARD = gnu17;
				GCC_NO_COMMON_BLOCKS = YES;
				IPHONEOS_DEPLOYMENT_TARGET = 17.0;
				LOCALIZATION_PREFERS_STRING_CATALOGS = YES;
				ONLY_ACTIVE_ARCH = YES;
				SDKROOT = iphoneos;
				SWIFT_ACTIVE_COMPILATION_CONDITIONS = "DEBUG $(inherited)";
				SWIFT_OPTIMIZATION_LEVEL = "-Onone";
			};
			name = Debug;
		};
		CE0000000000000000000017 /* Release */ = {
			isa = XCBuildConfiguration;
			buildSettings = {
				ALWAYS_SEARCH_USER_PATHS = NO;
				CLANG_ENABLE_MODULES = YES;
				CLANG_ENABLE_OBJC_ARC = YES;
				COPY_PHASE_STRIP = NO;
				DEBUG_INFORMATION_FORMAT = "dwarf-with-dsym";
				ENABLE_STRICT_OBJC_MSGSEND = YES;
				ENABLE_USER_SCRIPT_SANDBOXING = YES;
				GCC_C_LANGUAGE_STANDARD = gnu17;
				GCC_NO_COMMON_BLOCKS = YES;
				IPHONEOS_DEPLOYMENT_TARGET = 17.0;
				LOCALIZATION_PREFERS_STRING_CATALOGS = YES;
				SDKROOT = iphoneos;
				SWIFT_COMPILATION_MODE = wholemodule;
				VALIDATE_PRODUCT = YES;
			};
			name = Release;
		};
		CE0000000000000000000018 /* Debug */ = {
			isa = XCBuildConfiguration;
			buildSettings = {
				ASSETCATALOG_COMPILER_APPICON_NAME = AppIcon;
				ASSETCATALOG_COMPILER_GLOBAL_ACCENT_COLOR_NAME = AccentColor;
				CODE_SIGN_STYLE = Automatic;
				CURRENT_PROJECT_VERSION = 1;
				GENERATE_INFOPLIST_FILE = YES;
				INFOPLIST_KEY_CFBundleDisplayName = "教务直达";
				INFOPLIST_KEY_UIApplicationSceneManifest_Generation = YES;
				INFOPLIST_KEY_UIApplicationSupportsIndirectInputEvents = YES;
				INFOPLIST_KEY_UILaunchScreen_Generation = YES;
				INFOPLIST_KEY_UIStatusBarStyle = UIStatusBarStyleDefault;
				INFOPLIST_KEY_UISupportedInterfaceOrientations_iPad = "UIInterfaceOrientationPortrait UIInterfaceOrientationPortraitUpsideDown UIInterfaceOrientationLandscapeLeft UIInterfaceOrientationLandscapeRight";
				INFOPLIST_KEY_UISupportedInterfaceOrientations_iPhone = "UIInterfaceOrientationPortrait";
				LD_RUNPATH_SEARCH_PATHS = (
					"$(inherited)",
					"@executable_path/Frameworks",
				);
				MARKETING_VERSION = 1.0;
				PRODUCT_BUNDLE_IDENTIFIER = cn.sues.campusentry;
				PRODUCT_NAME = "$(TARGET_NAME)";
				SWIFT_EMIT_LOC_STRINGS = YES;
				SWIFT_VERSION = 5.0;
				TARGETED_DEVICE_FAMILY = "1,2";
			};
			name = Debug;
		};
		CE0000000000000000000019 /* Release */ = {
			isa = XCBuildConfiguration;
			buildSettings = {
				ASSETCATALOG_COMPILER_APPICON_NAME = AppIcon;
				ASSETCATALOG_COMPILER_GLOBAL_ACCENT_COLOR_NAME = AccentColor;
				CODE_SIGN_STYLE = Automatic;
				CURRENT_PROJECT_VERSION = 1;
				GENERATE_INFOPLIST_FILE = YES;
				INFOPLIST_KEY_CFBundleDisplayName = "教务直达";
				INFOPLIST_KEY_UIApplicationSceneManifest_Generation = YES;
				INFOPLIST_KEY_UIApplicationSupportsIndirectInputEvents = YES;
				INFOPLIST_KEY_UILaunchScreen_Generation = YES;
				INFOPLIST_KEY_UIStatusBarStyle = UIStatusBarStyleDefault;
				INFOPLIST_KEY_UISupportedInterfaceOrientations_iPad = "UIInterfaceOrientationPortrait UIInterfaceOrientationPortraitUpsideDown UIInterfaceOrientationLandscapeLeft UIInterfaceOrientationLandscapeRight";
				INFOPLIST_KEY_UISupportedInterfaceOrientations_iPhone = "UIInterfaceOrientationPortrait";
				LD_RUNPATH_SEARCH_PATHS = (
					"$(inherited)",
					"@executable_path/Frameworks",
				);
				MARKETING_VERSION = 1.0;
				PRODUCT_BUNDLE_IDENTIFIER = cn.sues.campusentry;
				PRODUCT_NAME = "$(TARGET_NAME)";
				SWIFT_EMIT_LOC_STRINGS = YES;
				SWIFT_VERSION = 5.0;
				TARGETED_DEVICE_FAMILY = "1,2";
			};
			name = Release;
		};
		CE000000000000000000001A /* Debug */ = {
			isa = XCBuildConfiguration;
			buildSettings = {
				BUNDLE_LOADER = "$(TEST_HOST)";
				CODE_SIGN_STYLE = Automatic;
				CURRENT_PROJECT_VERSION = 1;
				GENERATE_INFOPLIST_FILE = YES;
				MARKETING_VERSION = 1.0;
				PRODUCT_BUNDLE_IDENTIFIER = cn.sues.campusentry.tests;
				PRODUCT_NAME = "$(TARGET_NAME)";
				SWIFT_EMIT_LOC_STRINGS = NO;
				SWIFT_VERSION = 5.0;
				TARGETED_DEVICE_FAMILY = "1,2";
				TEST_HOST = "$(BUILT_PRODUCTS_DIR)/CampusEntry.app/$(BUNDLE_EXECUTABLE_FOLDER_PATH)/CampusEntry";
			};
			name = Debug;
		};
		CE000000000000000000001B /* Release */ = {
			isa = XCBuildConfiguration;
			buildSettings = {
				BUNDLE_LOADER = "$(TEST_HOST)";
				CODE_SIGN_STYLE = Automatic;
				CURRENT_PROJECT_VERSION = 1;
				GENERATE_INFOPLIST_FILE = YES;
				MARKETING_VERSION = 1.0;
				PRODUCT_BUNDLE_IDENTIFIER = cn.sues.campusentry.tests;
				PRODUCT_NAME = "$(TARGET_NAME)";
				SWIFT_EMIT_LOC_STRINGS = NO;
				SWIFT_VERSION = 5.0;
				TARGETED_DEVICE_FAMILY = "1,2";
				TEST_HOST = "$(BUILT_PRODUCTS_DIR)/CampusEntry.app/$(BUNDLE_EXECUTABLE_FOLDER_PATH)/CampusEntry";
			};
			name = Release;
		};
/* End XCBuildConfiguration section */

/* Begin XCConfigurationList section */
		CE0000000000000000000013 /* Build configuration list for PBXProject "CampusEntry" */ = {
			isa = XCConfigurationList;
			buildConfigurations = (
				CE0000000000000000000016 /* Debug */,
				CE0000000000000000000017 /* Release */,
			);
			defaultConfigurationIsVisible = 0;
			defaultConfigurationName = Release;
		};
		CE0000000000000000000014 /* Build configuration list for PBXNativeTarget "CampusEntry" */ = {
			isa = XCConfigurationList;
			buildConfigurations = (
				CE0000000000000000000018 /* Debug */,
				CE0000000000000000000019 /* Release */,
			);
			defaultConfigurationIsVisible = 0;
			defaultConfigurationName = Release;
		};
		CE0000000000000000000015 /* Build configuration list for PBXNativeTarget "CampusEntryTests" */ = {
			isa = XCConfigurationList;
			buildConfigurations = (
				CE000000000000000000001A /* Debug */,
				CE000000000000000000001B /* Release */,
			);
			defaultConfigurationIsVisible = 0;
			defaultConfigurationName = Release;
		};
/* End XCConfigurationList section */
	};
	rootObject = CE0000000000000000000003 /* Project object */;
}
